// !$*UTF8*$!
{
	archiveVersion = 1;
	classes = {
	};
	objectVersion = 48;
	objects = {

/* Begin PBXBuildFile section */
		3F03E9201FF27E7500A0C3A3 /* newMessagesController.swift in Sources */ = {isa = PBXBuildFile; fileRef = 3F03E91F1FF27E7500A0C3A3 /* newMessagesController.swift */; };
		3F0E34EE1FFB5AE800331267 /* tabBarControllerController.swift in Sources */ = {isa = PBXBuildFile; fileRef = 3F0E34ED1FFB5AE800331267 /* tabBarControllerController.swift */; };
		3F727A651FF311A10069470B /* Usrs.swift in Sources */ = {isa = PBXBuildFile; fileRef = 3F727A641FF311A10069470B /* Usrs.swift */; };
		3F830E631FFC8C6B0023E58D /* LoginController+handler.swift in Sources */ = {isa = PBXBuildFile; fileRef = 3F830E621FFC8C6B0023E58D /* LoginController+handler.swift */; };
		3F84508C1FF0977A0069CDE9 /* GoogleService-Info.plist in Resources */ = {isa = PBXBuildFile; fileRef = 3F84508B1FF0977A0069CDE9 /* GoogleService-Info.plist */; };
		3FD515E81FEF102E00D6053D /* AppDelegate.swift in Sources */ = {isa = PBXBuildFile; fileRef = 3FD515E71FEF102E00D6053D /* AppDelegate.swift */; };
		3FD515EA1FEF102E00D6053D /* MessageController.swift in Sources */ = {isa = PBXBuildFile; fileRef = 3FD515E91FEF102E00D6053D /* MessageController.swift */; };
		3FD515ED1FEF102E00D6053D /* Main.storyboard in Resources */ = {isa = PBXBuildFile; fileRef = 3FD515EB1FEF102E00D6053D /* Main.storyboard */; };
		3FD515EF1FEF102E00D6053D /* Assets.xcassets in Resources */ = {isa = PBXBuildFile; fileRef = 3FD515EE1FEF102E00D6053D /* Assets.xcassets */; };
		3FD515F21FEF102E00D6053D /* LaunchScreen.storyboard in Resources */ = {isa = PBXBuildFile; fileRef = 3FD515F01FEF102E00D6053D /* LaunchScreen.storyboard */; };
		3FD515FB1FEF166900D6053D /* LoginController.swift in Sources */ = {isa = PBXBuildFile; fileRef = 3FD515FA1FEF166900D6053D /* LoginController.swift */; };
		59A0C908C4BAF15F2E0CD25B /* Pods_gameofchats.framework in Frameworks */ = {isa = PBXBuildFile; fileRef = D6314A230262EADF2B0DEB22 /* Pods_gameofchats.framework */; };
/* End PBXBuildFile section */

/* Begin PBXFileReference section */
		2AE2DC2B4FDFFB1934B13F3B /* Pods-gameofchats.release.xcconfig */ = {isa = PBXFileReference; includeInIndex = 1; lastKnownFileType = text.xcconfig; name = "Pods-gameofchats.release.xcconfig"; path = "Pods/Target Support Files/Pods-gameofchats/Pods-gameofchats.release.xcconfig"; sourceTree = "<group>"; };
		3F03E91F1FF27E7500A0C3A3 /* newMessagesController.swift */ = {isa = PBXFileReference; lastKnownFileType = sourcecode.swift; path = newMessagesController.swift; sourceTree = "<group>"; };
		3F0E34ED1FFB5AE800331267 /* tabBarControllerController.swift */ = {isa = PBXFileReference; lastKnownFileType = sourcecode.swift; path = tabBarControllerController.swift; sourceTree = "<group>"; };
		3F727A641FF311A10069470B /* Usrs.swift */ = {isa = PBXFileReference; lastKnownFileType = sourcecode.swift; path = Usrs.swift; sourceTree = "<group>"; };
		3F830E621FFC8C6B0023E58D /* LoginController+handler.swift */ = {isa = PBXFileReference; lastKnownFileType = sourcecode.swift; path = "LoginController+handler.swift"; sourceTree = "<group>"; };
		3F84508B1FF0977A0069CDE9 /* GoogleService-Info.plist */ = {isa = PBXFileReference; fileEncoding = 4; lastKnownFileType = text.plist.xml; path = "GoogleService-Info.plist"; sourceTree = "<group>"; };
		3FD515E41FEF102E00D6053D /* gameofchats.app */ = {isa = PBXFileReference; explicitFileType = wrapper.application; includeInIndex = 0; path = gameofchats.app; sourceTree = BUILT_PRODUCTS_DIR; };
		3FD515E71FEF102E00D6053D /* AppDelegate.swift */ = {isa = PBXFileReference; lastKnownFileType = sourcecode.swift; path = AppDelegate.swift; sourceTree = "<group>"; };
		3FD515E91FEF102E00D6053D /* MessageController.swift */ = {isa = PBXFileReference; lastKnownFileType = sourcecode.swift; path = MessageController.swift; sourceTree = "<group>"; };
		3FD515EC1FEF102E00D6053D /* Base */ = {isa = PBXFileReference; lastKnownFileType = file.storyboard; name = Base; path = Base.lproj/Main.storyboard; sourceTree = "<group>"; };
		3FD515EE1FEF102E00D6053D /* Assets.xcassets */ = {isa = PBXFileReference; lastKnownFileType = folder.assetcatalog; path = Assets.xcassets; sourceTree = "<group>"; };
		3FD515F11FEF102E00D6053D /* Base */ = {isa = PBXFileReference; lastKnownFileType = file.storyboard; name = Base; path = Base.lproj/LaunchScreen.storyboard; sourceTree = "<group>"; };
		3FD515F31FEF102E00D6053D /* Info.plist */ = {isa = PBXFileReference; lastKnownFileType = text.plist.xml; path = Info.plist; sourceTree = "<group>"; };
		3FD515FA1FEF166900D6053D /* LoginController.swift */ = {isa = PBXFileReference; lastKnownFileType = sourcecode.swift; path = LoginController.swift; sourceTree = "<group>"; };
		442ABB188B2D22CB87CE0866 /* Pods-gameofchats.debug.xcconfig */ = {isa = PBXFileReference; includeInIndex = 1; lastKnownFileType = text.xcconfig; name = "Pods-gameofchats.debug.xcconfig"; path = "Pods/Target Support Files/Pods-gameofchats/Pods-gameofchats.debug.xcconfig"; sourceTree = "<group>"; };
		D6314A230262EADF2B0DEB22 /* Pods_gameofchats.framework */ = {isa = PBXFileReference; explicitFileType = wrapper.framework; includeInIndex = 0; path = Pods_gameofchats.framework; sourceTree = BUILT_PRODUCTS_DIR; };
/* End PBXFileReference section */

/* Begin PBXFrameworksBuildPhase section */
		3FD515E11FEF102E00D6053D /* Frameworks */ = {
			isa = PBXFrameworksBuildPhase;
			buildActionMask = 2147483647;
			files = (
				59A0C908C4BAF15F2E0CD25B /* Pods_gameofchats.framework in Frameworks */,
			);
			runOnlyForDeploymentPostprocessing = 0;
		};
/* End PBXFrameworksBuildPhase section */

/* Begin PBXGroup section */
		1E099F44E7E4ECB68092478B /* Pods */ = {
			isa = PBXGroup;
			children = (
				442ABB188B2D22CB87CE0866 /* Pods-gameofchats.debug.xcconfig */,
				2AE2DC2B4FDFFB1934B13F3B /* Pods-gameofchats.release.xcconfig */,
			);
			name = Pods;
			sourceTree = "<group>";
		};
		3F727A631FF3116C0069470B /* Model */ = {
			isa = PBXGroup;
			children = (
				3F727A641FF311A10069470B /* Usrs.swift */,
			);
			path = Model;
			sourceTree = "<group>";
		};
		3FD515DB1FEF102E00D6053D = {
			isa = PBXGroup;
			children = (
				3FD515E61FEF102E00D6053D /* gameofchats */,
				3FD515E51FEF102E00D6053D /* Products */,
				1E099F44E7E4ECB68092478B /* Pods */,
				5F0EDED3AD7285D8E068C9F5 /* Frameworks */,
			);
			sourceTree = "<group>";
		};
		3FD515E51FEF102E00D6053D /* Products */ = {
			isa = PBXGroup;
			children = (
				3FD515E41FEF102E00D6053D /* gameofchats.app */,
			);
			name = Products;
			sourceTree = "<group>";
		};
		3FD515E61FEF102E00D6053D /* gameofchats */ = {
			isa = PBXGroup;
			children = (
				3F727A631FF3116C0069470B /* Model */,
				3FD515F91FEF162800D6053D /* Controller */,
				3FD515E71FEF102E00D6053D /* AppDelegate.swift */,
				3FD515EB1FEF102E00D6053D /* Main.storyboard */,
				3FD515EE1FEF102E00D6053D /* Assets.xcassets */,
				3FD515F01FEF102E00D6053D /* LaunchScreen.storyboard */,
				3FD515F31FEF102E00D6053D /* Info.plist */,
				3F84508B1FF0977A0069CDE9 /* GoogleService-Info.plist */,
			);
			path = gameofchats;
			sourceTree = "<group>";
		};
		3FD515F91FEF162800D6053D /* Controller */ = {
			isa = PBXGroup;
			children = (
				3FD515E91FEF102E00D6053D /* MessageController.swift */,
				3FD515FA1FEF166900D6053D /* LoginController.swift */,
				3F03E91F1FF27E7500A0C3A3 /* newMessagesController.swift */,
				3F0E34ED1FFB5AE800331267 /* tabBarControllerController.swift */,
				3F830E621FFC8C6B0023E58D /* LoginController+handler.swift */,
			);
			path = Controller;
			sourceTree = "<group>";
		};
		5F0EDED3AD7285D8E068C9F5 /* Frameworks */ = {
			isa = PBXGroup;
			children = (
				D6314A230262EADF2B0DEB22 /* Pods_gameofchats.framework */,
			);
			name = Frameworks;
			sourceTree = "<group>";
		};
/* End PBXGroup section */

/* Begin PBXNativeTarget section */
		3FD515E31FEF102E00D6053D /* gameofchats */ = {
			isa = PBXNativeTarget;
			buildConfigurationList = 3FD515F61FEF102E00D6053D /* Build configuration list for PBXNativeTarget "gameofchats" */;
			buildPhases = (
				5A7A4945E239604EA8E3A937 /* [CP] Check Pods Manifest.lock */,
				3FD515E01FEF102E00D6053D /* Sources */,
				3FD515E11FEF102E00D6053D /* Frameworks */,
				3FD515E21FEF102E00D6053D /* Resources */,
				DC5C755C043472880F98280D /* [CP] Embed Pods Frameworks */,
				D0EAE6D46341BEF3779BFD57 /* [CP] Copy Pods Resources */,
			);
			buildRules = (
			);
			dependencies = (
			);
			name = gameofchats;
			productName = gameofchats;
			productReference = 3FD515E41FEF102E00D6053D /* gameofchats.app */;
			productType = "com.apple.product-type.application";
		};
/* End PBXNativeTarget section */

/* Begin PBXProject section */
		3FD515DC1FEF102E00D6053D /* Project object */ = {
			isa = PBXProject;
			attributes = {
				LastSwiftUpdateCheck = 0920;
				LastUpgradeCheck = 0920;
				ORGANIZATIONNAME = zippo1908;
				TargetAttributes = {
					3FD515E31FEF102E00D6053D = {
						CreatedOnToolsVersion = 9.2;
						ProvisioningStyle = Automatic;
					};
				};
			};
			buildConfigurationList = 3FD515DF1FEF102E00D6053D /* Build configuration list for PBXProject "gameofchats" */;
			compatibilityVersion = "Xcode 8.0";
			developmentRegion = en;
			hasScannedForEncodings = 0;
			knownRegions = (
				en,
				Base,
			);
			mainGroup = 3FD515DB1FEF102E00D6053D;
			productRefGroup = 3FD515E51FEF102E00D6053D /* Products */;
			projectDirPath = "";
			projectRoot = "";
			targets = (
				3FD515E31FEF102E00D6053D /* gameofchats */,
			);
		};
/* End PBXProject section */

/* Begin PBXResourcesBuildPhase section */
		3FD515E21FEF102E00D6053D /* Resources */ = {
			isa = PBXResourcesBuildPhase;
			buildActionMask = 2147483647;
			files = (
				3FD515F21FEF102E00D6053D /* LaunchScreen.storyboard in Resources */,
				3F84508C1FF0977A0069CDE9 /* GoogleService-Info.plist in Resources */,
				3FD515EF1FEF102E00D6053D /* Assets.xcassets in Resources */,
				3FD515ED1FEF102E00D6053D /* Main.storyboard in Resources */,
			);
			runOnlyForDeploymentPostprocessing = 0;
		};
/* End PBXResourcesBuildPhase section */

/* Begin PBXShellScriptBuildPhase section */
		5A7A4945E239604EA8E3A937 /* [CP] Check Pods Manifest.lock */ = {
			isa = PBXShellScriptBuildPhase;
			buildActionMask = 2147483647;
			files = (
			);
			inputPaths = (
				"${PODS_PODFILE_DIR_PATH}/Podfile.lock",
				"${PODS_ROOT}/Manifest.lock",
			);
			name = "[CP] Check Pods Manifest.lock";
			outputPaths = (
				"$(DERIVED_FILE_DIR)/Pods-gameofchats-checkManifestLockResult.txt",
			);
			runOnlyForDeploymentPostprocessing = 0;
			shellPath = /bin/sh;
			shellScript = "diff \"${PODS_PODFILE_DIR_PATH}/Podfile.lock\" \"${PODS_ROOT}/Manifest.lock\" > /dev/null\nif [ $? != 0 ] ; then\n    # print error to STDERR\n    echo \"error: The sandbox is not in sync with the Podfile.lock. Run 'pod install' or update your CocoaPods installation.\" >&2\n    exit 1\nfi\n# This output is used by Xcode 'outputs' to avoid re-running this script phase.\necho \"SUCCESS\" > \"${SCRIPT_OUTPUT_FILE_0}\"\n";
			showEnvVarsInLog = 0;
		};
		D0EAE6D46341BEF3779BFD57 /* [CP] Copy Pods Resources */ = {
			isa = PBXShellScriptBuildPhase;
			buildActionMask = 2147483647;
			files = (
			);
			inputPaths = (
			);
			name = "[CP] Copy Pods Resources";
			outputPaths = (
			);
			runOnlyForDeploymentPostprocessing = 0;
			shellPath = /bin/sh;
			shellScript = "\"${SRCROOT}/Pods/Target Support Files/Pods-gameofchats/Pods-gameofchats-resources.sh\"\n";
			showEnvVarsInLog = 0;
		};
		DC5C755C043472880F98280D /* [CP] Embed Pods Frameworks */ = {
			isa = PBXShellScriptBuildPhase;
			buildActionMask = 2147483647;
			files = (
			);
			inputPaths = (
				"${SRCROOT}/Pods/Target Support Files/Pods-gameofchats/Pods-gameofchats-frameworks.sh",
				"${BUILT_PRODUCTS_DIR}/GTMSessionFetcher/GTMSessionFetcher.framework",
				"${BUILT_PRODUCTS_DIR}/GoogleToolboxForMac/GoogleToolboxForMac.framework",
				"${BUILT_PRODUCTS_DIR}/leveldb-library/leveldb.framework",
				"${BUILT_PRODUCTS_DIR}/nanopb/nanopb.framework",
			);
			name = "[CP] Embed Pods Frameworks";
			outputPaths = (
				"${TARGET_BUILD_DIR}/${FRAMEWORKS_FOLDER_PATH}/GTMSessionFetcher.framework",
				"${TARGET_BUILD_DIR}/${FRAMEWORKS_FOLDER_PATH}/GoogleToolboxForMac.framework",
				"${TARGET_BUILD_DIR}/${FRAMEWORKS_FOLDER_PATH}/leveldb.framework",
				"${TARGET_BUILD_DIR}/${FRAMEWORKS_FOLDER_PATH}/nanopb.framework",
			);
			runOnlyForDeploymentPostprocessing = 0;
			shellPath = /bin/sh;
			shellScript = "\"${SRCROOT}/Pods/Target Support Files/Pods-gameofchats/Pods-gameofchats-frameworks.sh\"\n";
			showEnvVarsInLog = 0;
		};
/* End PBXShellScriptBuildPhase section */

/* Begin PBXSourcesBuildPhase section */
		3FD515E01FEF102E00D6053D /* Sources */ = {
			isa = PBXSourcesBuildPhase;
			buildActionMask = 2147483647;
			files = (
				3F03E9201FF27E7500A0C3A3 /* newMessagesController.swift in Sources */,
				3FD515EA1FEF102E00D6053D /* MessageController.swift in Sources */,
				3F830E631FFC8C6B0023E58D /* LoginController+handler.swift in Sources */,
				3F0E34EE1FFB5AE800331267 /* tabBarControllerController.swift in Sources */,
				3F727A651FF311A10069470B /* Usrs.swift in Sources */,
				3FD515FB1FEF166900D6053D /* LoginController.swift in Sources */,
				3FD515E81FEF102E00D6053D /* AppDelegate.swift in Sources */,
			);
			runOnlyForDeploymentPostprocessing = 0;
		};
/* End PBXSourcesBuildPhase section */

/* Begin PBXVariantGroup section */
		3FD515EB1FEF102E00D6053D /* Main.storyboard */ = {
			isa = PBXVariantGroup;
			children = (
				3FD515EC1FEF102E00D6053D /* Base */,
			);
			name = Main.storyboard;
			sourceTree = "<group>";
		};
		3FD515F01FEF102E00D6053D /* LaunchScreen.storyboard */ = {
			isa = PBXVariantGroup;
			children = (
				3FD515F11FEF102E00D6053D /* Base */,
			);
			name = LaunchScreen.storyboard;
			sourceTree = "<group>";
		};
/* End PBXVariantGroup section */

/* Begin XCBuildConfiguration section */
		3FD515F41FEF102E00D6053D /* Debug */ = {
			isa = XCBuildConfiguration;
			buildSettings = {
				ALWAYS_SEARCH_USER_PATHS = NO;
				CLANG_ANALYZER_NONNULL = YES;
				CLANG_ANALYZER_NUMBER_OBJECT_CONVERSION = YES_AGGRESSIVE;
				CLANG_CXX_LANGUAGE_STANDARD = "gnu++14";
				CLANG_CXX_LIBRARY = "libc++";
				CLANG_ENABLE_MODULES = YES;
				CLANG_ENABLE_OBJC_ARC = YES;
				CLANG_WARN_BLOCK_CAPTURE_AUTORELEASING = YES;
				CLANG_WARN_BOOL_CONVERSION = YES;
				CLANG_WARN_COMMA = YES;
				CLANG_WARN_CONSTANT_CONVERSION = YES;
				CLANG_WARN_DIRECT_OBJC_ISA_USAGE = YES_ERROR;
				CLANG_WARN_DOCUMENTATION_COMMENTS = YES;
				CLANG_WARN_EMPTY_BODY = YES;
				CLANG_WARN_ENUM_CONVERSION = YES;
				CLANG_WARN_INFINITE_RECURSION = YES;
				CLANG_WARN_INT_CONVERSION = YES;
				CLANG_WARN_NON_LITERAL_NULL_CONVERSION = YES;
				CLANG_WARN_OBJC_LITERAL_CONVERSION = YES;
				CLANG_WARN_OBJC_ROOT_CLASS = YES_ERROR;
				CLANG_WARN_RANGE_LOOP_ANALYSIS = YES;
				CLANG_WARN_STRICT_PROTOTYPES = YES;
				CLANG_WARN_SUSPICIOUS_MOVE = YES;
				CLANG_WARN_UNGUARDED_AVAILABILITY = YES_AGGRESSIVE;
				CLANG_WARN_UNREACHABLE_CODE = YES;
				CLANG_WARN__DUPLICATE_METHOD_MATCH = YES;
				CODE_SIGN_IDENTITY = "iPhone Developer";
				COPY_PHASE_STRIP = NO;
				DEBUG_INFORMATION_FORMAT = dwarf;
				ENABLE_STRICT_OBJC_MSGSEND = YES;
				ENABLE_TESTABILITY = YES;
				GCC_C_LANGUAGE_STANDARD = gnu11;
				GCC_DYNAMIC_NO_PIC = NO;
				GCC_NO_COMMON_BLOCKS = YES;
				GCC_OPTIMIZATION_LEVEL = 0;
				GCC_PREPROCESSOR_DEFINITIONS = (
					"DEBUG=1",
					"$(inherited)",
				);
				GCC_WARN_64_TO_32_BIT_CONVERSION = YES;
				GCC_WARN_ABOUT_RETURN_TYPE = YES_ERROR;
				GCC_WARN_UNDECLARED_SELECTOR = YES;
				GCC_WARN_UNINITIALIZED_AUTOS = YES_AGGRESSIVE;
				GCC_WARN_UNUSED_FUNCTION = YES;
				GCC_WARN_UNUSED_VARIABLE = YES;
				IPHONEOS_DEPLOYMENT_TARGET = 11.2;
				MTL_ENABLE_DEBUG_INFO = YES;
				ONLY_ACTIVE_ARCH = YES;
				SDKROOT = iphoneos;
				SWIFT_ACTIVE_COMPILATION_CONDITIONS = DEBUG;
				SWIFT_OPTIMIZATION_LEVEL = "-Onone";
			};
			name = Debug;
		};
		3FD515F51FEF102E00D6053D /* Release */ = {
			isa = XCBuildConfiguration;
			buildSettings = {
				ALWAYS_SEARCH_USER_PATHS = NO;
				CLANG_ANALYZER_NONNULL = YES;
				CLANG_ANALYZER_NUMBER_OBJECT_CONVERSION = YES_AGGRESSIVE;
				CLANG_CXX_LANGUAGE_STANDARD = "gnu++14";
				CLANG_CXX_LIBRARY = "libc++";
				CLANG_ENABLE_MODULES = YES;
				CLANG_ENABLE_OBJC_ARC = YES;
				CLANG_WARN_BLOCK_CAPTURE_AUTORELEASING = YES;
				CLANG_WARN_BOOL_CONVERSION = YES;
				CLANG_WARN_COMMA = YES;
				CLANG_WARN_CONSTANT_CONVERSION = YES;
				CLANG_WARN_DIRECT_OBJC_ISA_USAGE = YES_ERROR;
				CLANG_WARN_DOCUMENTATION_COMMENTS = YES;
				CLANG_WARN_EMPTY_BODY = YES;
				CLANG_WARN_ENUM_CONVERSION = YES;
				CLANG_WARN_INFINITE_RECURSION = YES;
				CLANG_WARN_INT_CONVERSION = YES;
				CLANG_WARN_NON_LITERAL_NULL_CONVERSION = YES;
				CLANG_WARN_OBJC_LITERAL_CONVERSION = YES;
				CLANG_WARN_OBJC_ROOT_CLASS = YES_ERROR;
				CLANG_WARN_RANGE_LOOP_ANALYSIS = YES;
				CLANG_WARN_STRICT_PROTOTYPES = YES;
				CLANG_WARN_SUSPICIOUS_MOVE = YES;
				CLANG_WARN_UNGUARDED_AVAILABILITY = YES_AGGRESSIVE;
				CLANG_WARN_UNREACHABLE_CODE = YES;
				CLANG_WARN__DUPLICATE_METHOD_MATCH = YES;
				CODE_SIGN_IDENTITY = "iPhone Developer";
				COPY_PHASE_STRIP = NO;
				DEBUG_INFORMATION_FORMAT = "dwarf-with-dsym";
				ENABLE_NS_ASSERTIONS = NO;
				ENABLE_STRICT_OBJC_MSGSEND = YES;
				GCC_C_LANGUAGE_STANDARD = gnu11;
				GCC_NO_COMMON_BLOCKS = YES;
				GCC_WARN_64_TO_32_BIT_CONVERSION = YES;
				GCC_WARN_ABOUT_RETURN_TYPE = YES_ERROR;
				GCC_WARN_UNDECLARED_SELECTOR = YES;
				GCC_WARN_UNINITIALIZED_AUTOS = YES_AGGRESSIVE;
				GCC_WARN_UNUSED_FUNCTION = YES;
				GCC_WARN_UNUSED_VARIABLE = YES;
				IPHONEOS_DEPLOYMENT_TARGET = 11.2;
				MTL_ENABLE_DEBUG_INFO = NO;
				SDKROOT = iphoneos;
				SWIFT_OPTIMIZATION_LEVEL = "-Owholemodule";
				VALIDATE_PRODUCT = YES;
			};
			name = Release;
		};
		3FD515F71FEF102E00D6053D /* Debug */ = {
			isa = XCBuildConfiguration;
			baseConfigurationReference = 442ABB188B2D22CB87CE0866 /* Pods-gameofchats.debug.xcconfig */;
			buildSettings = {
				ASSETCATALOG_COMPILER_APPICON_NAME = AppIcon;
				CODE_SIGN_STYLE = Automatic;
				INFOPLIST_FILE = gameofchats/Info.plist;
				LD_RUNPATH_SEARCH_PATHS = "$(inherited) @executable_path/Frameworks";
				PRODUCT_BUNDLE_IDENTIFIER = Mingze.gameofchats;
				PRODUCT_NAME = "$(TARGET_NAME)";
				SWIFT_VERSION = 4.0;
				TARGETED_DEVICE_FAMILY = "1,2";
			};
			name = Debug;
		};
		3FD515F81FEF102E00D6053D /* Release */ = {
			isa = XCBuildConfiguration;
			baseConfigurationReference = 2AE2DC2B4FDFFB1934B13F3B /* Pods-gameofchats.release.xcconfig */;
			buildSettings = {
				ASSETCATALOG_COMPILER_APPICON_NAME = AppIcon;
				CODE_SIGN_STYLE = Automatic;
				INFOPLIST_FILE = gameofchats/Info.plist;
				LD_RUNPATH_SEARCH_PATHS = "$(inherited) @executable_path/Frameworks";
				PRODUCT_BUNDLE_IDENTIFIER = Mingze.gameofchats;
				PRODUCT_NAME = "$(TARGET_NAME)";
				SWIFT_VERSION = 4.0;
				TARGETED_DEVICE_FAMILY = "1,2";
			};
			name = Release;
		};
/* End XCBuildConfiguration section */

/* Begin XCConfigurationList section */
		3FD515DF1FEF102E00D6053D /* Build configuration list for PBXProject "gameofchats" */ = {
			isa = XCConfigurationList;
			buildConfigurations = (
				3FD515F41FEF102E00D6053D /* Debug */,
				3FD515F51FEF102E00D6053D /* Release */,
			);
			defaultConfigurationIsVisible = 0;
			defaultConfigurationName = Release;
		};
		3FD515F61FEF102E00D6053D /* Build configuration list for PBXNativeTarget "gameofchats" */ = {
			isa = XCConfigurationList;
			buildConfigurations = (
				3FD515F71FEF102E00D6053D /* Debug */,
				3FD515F81FEF102E00D6053D /* Release */,
			);
			defaultConfigurationIsVisible = 0;
			defaultConfigurationName = Release;
		};
/* End XCConfigurationList section */
	};
	rootObject = 3FD515DC1FEF102E00D6053D /* Project object */;
}
